
Microsoft Visual Studio Solution File, Format Version 12.00
# Visual Studio Version 17
VisualStudioVersion = 17.7.34302.85
MinimumVisualStudioVersion = 10.0.40219.1
Project("{FAE04EC0-301F-11D3-BF4B-00C04F79EFBC}") = "Template", "Template\Template.csproj", "{60C986B5-E798-4EB5-99E3-F47A6ACC725A}"
EndProject
Project("{FAE04EC0-301F-11D3-BF4B-00C04F79EFBC}") = "CommentsLibrary", "CommentsLibrary\CommentsLibrary.csproj", "{C686F0FB-4F77-4D51-86F7-BA244DFDFA05}"
EndProject
Project("{FAE04EC0-301F-11D3-BF4B-00C04F79EFBC}") = "CommentsProgram", "CommentsProgram\CommentsProgram.csproj", "{DB2FE46A-4C40-4203-8072-F5DBD7EA74CE}"
EndProject
Global
	GlobalSection(SolutionConfigurationPlatforms) = preSolution
		Debug|Any CPU = Debug|Any CPU
		Release|Any CPU = Release|Any CPU
	EndGlobalSection
	GlobalSection(ProjectConfigurationPlatforms) = postSolution
		{60C986B5-E798-4EB5-99E3-F47A6ACC725A}.Debug|Any CPU.ActiveCfg = Debug|Any CPU
		{60C986B5-E798-4EB5-99E3-F47A6ACC725A}.Debug|Any CPU.Build.0 = Debug|Any CPU
		{60C986B5-E798-4EB5-99E3-F47A6ACC725A}.Release|Any CPU.ActiveCfg = Release|Any CPU
		{60C986B5-E798-4EB5-99E3-F47A6ACC725A}.Release|Any CPU.Build.0 = Release|Any CPU
		{C686F0FB-4F77-4D51-86F7-BA244DFDFA05}.Debug|Any CPU.ActiveCfg = Debug|Any CPU
		{C686F0FB-4F77-4D51-86F7-BA244DFDFA05}.Debug|Any CPU.Build.0 = Debug|Any CPU
		{C686F0FB-4F77-4D51-86F7-BA244DFDFA05}.Release|Any CPU.ActiveCfg = Release|Any CPU
		{C686F0FB-4F77-4D51-86F7-BA244DFDFA05}.Release|Any CPU.Build.0 = Release|Any CPU
		{DB2FE46A-4C40-4203-8072-F5DBD7EA74CE}.Debug|Any CPU.ActiveCfg = Debug|Any CPU
		{DB2FE46A-4C40-4203-8072-F5DBD7EA74CE}.Debug|Any CPU.Build.0 = Debug|Any CPU
		{DB2FE46A-4C40-4203-8072-F5DBD7EA74CE}.Release|Any CPU.ActiveCfg = Release|Any CPU
		{DB2FE46A-4C40-4203-8072-F5DBD7EA74CE}.Release|Any CPU.Build.0 = Release|Any CPU
	EndGlobalSection
	GlobalSection(SolutionProperties) = preSolution
		HideSolutionNode = FALSE
	EndGlobalSection
	GlobalSection(ExtensibilityGlobals) = postSolution
		SolutionGuid = {F2552213-6E2C-4C2C-9C71-8EBD34016359}
	EndGlobalSection
EndGlobal
